
Microsoft Visual Studio Solution File, Format Version 12.00
# Visual Studio Version 17
VisualStudioVersion = 17.6.33815.320
MinimumVisualStudioVersion = 10.0.40219.1
Project("{FAE04EC0-301F-11D3-BF4B-00C04F79EFBC}") = "PersonsApi", "PersonsApi.csproj", "{88BB57A3-6F85-4E48-9645-2848E086E410}"
EndProject
Project("{9A19103F-16F7-4668-BE54-9A1E7A4F7556}") = "DataAccess", "DataAccess\DataAccess.csproj", "{E50C6B67-5924-4406-B2C0-F018DB2A6AF8}"
EndProject
Project("{9A19103F-16F7-4668-BE54-9A1E7A4F7556}") = "Business", "Business\Business.csproj", "{4A8127AF-1A6C-48AF-A14B-99E7F8CABA24}"
EndProject
Project("{00D1A9C2-B5F0-4AF3-8072-F6C62B433612}") = "Database", "Database\Database.sqlproj", "{7D613D07-1414-43CF-AF34-2D3BB25CE5DB}"
EndProject
Project("{9A19103F-16F7-4668-BE54-9A1E7A4F7556}") = "ApiTests", "ApiTests\ApiTests.csproj", "{72CA7726-DD4B-4CF1-AC6E-ED6CDB71AA7D}"
EndProject
Global
	GlobalSection(SolutionConfigurationPlatforms) = preSolution
		Debug|Any CPU = Debug|Any CPU
		Release|Any CPU = Release|Any CPU
	EndGlobalSection
	GlobalSection(ProjectConfigurationPlatforms) = postSolution
		{88BB57A3-6F85-4E48-9645-2848E086E410}.Debug|Any CPU.ActiveCfg = Debug|Any CPU
		{88BB57A3-6F85-4E48-9645-2848E086E410}.Debug|Any CPU.Build.0 = Debug|Any CPU
		{88BB57A3-6F85-4E48-9645-2848E086E410}.Release|Any CPU.ActiveCfg = Release|Any CPU
		{88BB57A3-6F85-4E48-9645-2848E086E410}.Release|Any CPU.Build.0 = Release|Any CPU
		{E50C6B67-5924-4406-B2C0-F018DB2A6AF8}.Debug|Any CPU.ActiveCfg = Debug|Any CPU
		{E50C6B67-5924-4406-B2C0-F018DB2A6AF8}.Debug|Any CPU.Build.0 = Debug|Any CPU
		{E50C6B67-5924-4406-B2C0-F018DB2A6AF8}.Release|Any CPU.ActiveCfg = Release|Any CPU
		{E50C6B67-5924-4406-B2C0-F018DB2A6AF8}.Release|Any CPU.Build.0 = Release|Any CPU
		{4A8127AF-1A6C-48AF-A14B-99E7F8CABA24}.Debug|Any CPU.ActiveCfg = Debug|Any CPU
		{4A8127AF-1A6C-48AF-A14B-99E7F8CABA24}.Debug|Any CPU.Build.0 = Debug|Any CPU
		{4A8127AF-1A6C-48AF-A14B-99E7F8CABA24}.Release|Any CPU.ActiveCfg = Release|Any CPU
		{4A8127AF-1A6C-48AF-A14B-99E7F8CABA24}.Release|Any CPU.Build.0 = Release|Any CPU
		{7D613D07-1414-43CF-AF34-2D3BB25CE5DB}.Debug|Any CPU.ActiveCfg = Debug|Any CPU
		{7D613D07-1414-43CF-AF34-2D3BB25CE5DB}.Debug|Any CPU.Build.0 = Debug|Any CPU
		{7D613D07-1414-43CF-AF34-2D3BB25CE5DB}.Debug|Any CPU.Deploy.0 = Debug|Any CPU
		{7D613D07-1414-43CF-AF34-2D3BB25CE5DB}.Release|Any CPU.ActiveCfg = Release|Any CPU
		{7D613D07-1414-43CF-AF34-2D3BB25CE5DB}.Release|Any CPU.Build.0 = Release|Any CPU
		{7D613D07-1414-43CF-AF34-2D3BB25CE5DB}.Release|Any CPU.Deploy.0 = Release|Any CPU
		{72CA7726-DD4B-4CF1-AC6E-ED6CDB71AA7D}.Debug|Any CPU.ActiveCfg = Debug|Any CPU
		{72CA7726-DD4B-4CF1-AC6E-ED6CDB71AA7D}.Debug|Any CPU.Build.0 = Debug|Any CPU
		{72CA7726-DD4B-4CF1-AC6E-ED6CDB71AA7D}.Release|Any CPU.ActiveCfg = Release|Any CPU
		{72CA7726-DD4B-4CF1-AC6E-ED6CDB71AA7D}.Release|Any CPU.Build.0 = Release|Any CPU
	EndGlobalSection
	GlobalSection(SolutionProperties) = preSolution
		HideSolutionNode = FALSE
	EndGlobalSection
	GlobalSection(ExtensibilityGlobals) = postSolution
		SolutionGuid = {F27CCC9C-A5DA-4010-99D0-60E41C6BD090}
	EndGlobalSection
EndGlobal
